
Microsoft Visual Studio Solution File, Format Version 12.00
# Visual Studio Version 17
VisualStudioVersion = 17.1.32328.378
MinimumVisualStudioVersion = 10.0.40219.1
Project("{2150E333-8FDC-42A3-9474-1A3956D46DE8}") = "src", "src", "{D1B75012-9F72-49A1-BC08-C15F2B96B29B}"
EndProject
Project("{2150E333-8FDC-42A3-9474-1A3956D46DE8}") = "test", "test", "{AAF23B6F-4368-4999-ABF9-D73AC19B2AC0}"
EndProject
Project("{2150E333-8FDC-42A3-9474-1A3956D46DE8}") = "Services", "Services", "{88954473-B6EA-4BDD-8218-D66E05D38206}"
EndProject
Project("{2150E333-8FDC-42A3-9474-1A3956D46DE8}") = "Apps", "Apps", "{492ECBA2-00BF-44C2-B064-B922353D8C4E}"
EndProject
Project("{2150E333-8FDC-42A3-9474-1A3956D46DE8}") = "Workers", "Workers", "{4FC597FB-E3C3-4AC5-8AE9-8B70B2DC6DAE}"
EndProject
Project("{2150E333-8FDC-42A3-9474-1A3956D46DE8}") = "SDKs", "SDKs", "{6356C4F1-DB2A-4CC3-9851-3955DB9575BD}"
EndProject
Project("{9A19103F-16F7-4668-BE54-9A1E7A4F7556}") = "Notifications.API", "src\Services\Notifications.API\Notifications.API.csproj", "{FD542A81-F9B8-4165-9C7C-8EBC298053AE}"
EndProject
Project("{9A19103F-16F7-4668-BE54-9A1E7A4F7556}") = "Notifications.Core", "src\SDKs\Notifications.Core\Notifications.Core.csproj", "{EDB5AA51-0085-4222-BA65-8E674A940FDF}"
EndProject
Project("{2150E333-8FDC-42A3-9474-1A3956D46DE8}") = "Services", "Services", "{8DDF3CE8-E0FF-4B65-9A1E-D2450A054AE0}"
EndProject
Project("{9A19103F-16F7-4668-BE54-9A1E7A4F7556}") = "Notifications.API.Tests", "test\Services\Notifications.API.Tests\Notifications.API.Tests.csproj", "{BC1E6A93-1B9C-4C57-9755-8C8C639F8739}"
EndProject
Project("{FAE04EC0-301F-11D3-BF4B-00C04F79EFBC}") = "Worker.EmailService", "src\Workers\Worker.EmailService\Worker.EmailService.csproj", "{CC10EDDD-8392-4F3B-B813-E913945C3089}"
EndProject
Project("{FAE04EC0-301F-11D3-BF4B-00C04F79EFBC}") = "EventBus.RabbitMQ", "src\SDKs\EventBus.RabbitMQ\EventBus.RabbitMQ.csproj", "{45A6239D-8D2B-42A8-8E52-33A9732E1E94}"
EndProject
Project("{FAE04EC0-301F-11D3-BF4B-00C04F79EFBC}") = "Worker.SMSService", "src\Workers\Worker.SMSService\Worker.SMSService.csproj", "{C785D313-145A-44B0-B9D8-E2F5C1F68802}"
EndProject
Global
	GlobalSection(SolutionConfigurationPlatforms) = preSolution
		Debug|Any CPU = Debug|Any CPU
		Release|Any CPU = Release|Any CPU
	EndGlobalSection
	GlobalSection(ProjectConfigurationPlatforms) = postSolution
		{FD542A81-F9B8-4165-9C7C-8EBC298053AE}.Debug|Any CPU.ActiveCfg = Debug|Any CPU
		{FD542A81-F9B8-4165-9C7C-8EBC298053AE}.Debug|Any CPU.Build.0 = Debug|Any CPU
		{FD542A81-F9B8-4165-9C7C-8EBC298053AE}.Release|Any CPU.ActiveCfg = Release|Any CPU
		{FD542A81-F9B8-4165-9C7C-8EBC298053AE}.Release|Any CPU.Build.0 = Release|Any CPU
		{EDB5AA51-0085-4222-BA65-8E674A940FDF}.Debug|Any CPU.ActiveCfg = Debug|Any CPU
		{EDB5AA51-0085-4222-BA65-8E674A940FDF}.Debug|Any CPU.Build.0 = Debug|Any CPU
		{EDB5AA51-0085-4222-BA65-8E674A940FDF}.Release|Any CPU.ActiveCfg = Release|Any CPU
		{EDB5AA51-0085-4222-BA65-8E674A940FDF}.Release|Any CPU.Build.0 = Release|Any CPU
		{BC1E6A93-1B9C-4C57-9755-8C8C639F8739}.Debug|Any CPU.ActiveCfg = Debug|Any CPU
		{BC1E6A93-1B9C-4C57-9755-8C8C639F8739}.Debug|Any CPU.Build.0 = Debug|Any CPU
		{BC1E6A93-1B9C-4C57-9755-8C8C639F8739}.Release|Any CPU.ActiveCfg = Release|Any CPU
		{BC1E6A93-1B9C-4C57-9755-8C8C639F8739}.Release|Any CPU.Build.0 = Release|Any CPU
		{CC10EDDD-8392-4F3B-B813-E913945C3089}.Debug|Any CPU.ActiveCfg = Debug|Any CPU
		{CC10EDDD-8392-4F3B-B813-E913945C3089}.Debug|Any CPU.Build.0 = Debug|Any CPU
		{CC10EDDD-8392-4F3B-B813-E913945C3089}.Release|Any CPU.ActiveCfg = Release|Any CPU
		{CC10EDDD-8392-4F3B-B813-E913945C3089}.Release|Any CPU.Build.0 = Release|Any CPU
		{45A6239D-8D2B-42A8-8E52-33A9732E1E94}.Debug|Any CPU.ActiveCfg = Debug|Any CPU
		{45A6239D-8D2B-42A8-8E52-33A9732E1E94}.Debug|Any CPU.Build.0 = Debug|Any CPU
		{45A6239D-8D2B-42A8-8E52-33A9732E1E94}.Release|Any CPU.ActiveCfg = Release|Any CPU
		{45A6239D-8D2B-42A8-8E52-33A9732E1E94}.Release|Any CPU.Build.0 = Release|Any CPU
		{C785D313-145A-44B0-B9D8-E2F5C1F68802}.Debug|Any CPU.ActiveCfg = Debug|Any CPU
		{C785D313-145A-44B0-B9D8-E2F5C1F68802}.Debug|Any CPU.Build.0 = Debug|Any CPU
		{C785D313-145A-44B0-B9D8-E2F5C1F68802}.Release|Any CPU.ActiveCfg = Release|Any CPU
		{C785D313-145A-44B0-B9D8-E2F5C1F68802}.Release|Any CPU.Build.0 = Release|Any CPU
	EndGlobalSection
	GlobalSection(SolutionProperties) = preSolution
		HideSolutionNode = FALSE
	EndGlobalSection
	GlobalSection(NestedProjects) = preSolution
		{88954473-B6EA-4BDD-8218-D66E05D38206} = {D1B75012-9F72-49A1-BC08-C15F2B96B29B}
		{492ECBA2-00BF-44C2-B064-B922353D8C4E} = {D1B75012-9F72-49A1-BC08-C15F2B96B29B}
		{4FC597FB-E3C3-4AC5-8AE9-8B70B2DC6DAE} = {D1B75012-9F72-49A1-BC08-C15F2B96B29B}
		{6356C4F1-DB2A-4CC3-9851-3955DB9575BD} = {D1B75012-9F72-49A1-BC08-C15F2B96B29B}
		{FD542A81-F9B8-4165-9C7C-8EBC298053AE} = {88954473-B6EA-4BDD-8218-D66E05D38206}
		{EDB5AA51-0085-4222-BA65-8E674A940FDF} = {6356C4F1-DB2A-4CC3-9851-3955DB9575BD}
		{8DDF3CE8-E0FF-4B65-9A1E-D2450A054AE0} = {AAF23B6F-4368-4999-ABF9-D73AC19B2AC0}
		{BC1E6A93-1B9C-4C57-9755-8C8C639F8739} = {8DDF3CE8-E0FF-4B65-9A1E-D2450A054AE0}
		{CC10EDDD-8392-4F3B-B813-E913945C3089} = {4FC597FB-E3C3-4AC5-8AE9-8B70B2DC6DAE}
		{45A6239D-8D2B-42A8-8E52-33A9732E1E94} = {6356C4F1-DB2A-4CC3-9851-3955DB9575BD}
		{C785D313-145A-44B0-B9D8-E2F5C1F68802} = {4FC597FB-E3C3-4AC5-8AE9-8B70B2DC6DAE}
	EndGlobalSection
	GlobalSection(ExtensibilityGlobals) = postSolution
		SolutionGuid = {EF36FC44-417D-45EC-A194-1AF4F729C6C4}
	EndGlobalSection
EndGlobal
